
Microsoft Visual Studio Solution File, Format Version 11.00
# Visual Studio 2010
Project("{FAE04EC0-301F-11D3-BF4B-00C04F79EFBC}") = "Assembly-CSharp", "Assembly-CSharp.csproj", "{b65a40ed-77f3-b57f-8008-6f999a9126e8}"
EndProject
Project("{FAE04EC0-301F-11D3-BF4B-00C04F79EFBC}") = "Assembly-CSharp-Editor", "Assembly-CSharp-Editor.csproj", "{d8743918-d02d-06e4-1d60-1e8948bb7d17}"
EndProject
Global
	GlobalSection(SolutionConfigurationPlatforms) = preSolution
		Debug|Any CPU = Debug|Any CPU
	EndGlobalSection
	GlobalSection(ProjectConfigurationPlatforms) = postSolution
		{b65a40ed-77f3-b57f-8008-6f999a9126e8}.Debug|Any CPU.ActiveCfg = Debug|Any CPU
		{b65a40ed-77f3-b57f-8008-6f999a9126e8}.Debug|Any CPU.Build.0 = Debug|Any CPU
		{d8743918-d02d-06e4-1d60-1e8948bb7d17}.Debug|Any CPU.ActiveCfg = Debug|Any CPU
		{d8743918-d02d-06e4-1d60-1e8948bb7d17}.Debug|Any CPU.Build.0 = Debug|Any CPU
	EndGlobalSection
	GlobalSection(SolutionProperties) = preSolution
		HideSolutionNode = FALSE
	EndGlobalSection
EndGlobal
